// !$*UTF8*$!
{
	archiveVersion = 1;
	classes = {
	};
	objectVersion = 46;
	objects = {

/* Begin PBXAggregateTarget section */
		3476829E1ECF537B009E9BD6 /* Both */ = {
			isa = PBXAggregateTarget;
			buildConfigurationList = 3476829F1ECF537B009E9BD6 /* Build configuration list for PBXAggregateTarget "Both" */;
			buildPhases = (
			);
			dependencies = (
				347682A31ECF538C009E9BD6 /* PBXTargetDependency */,
				347682A51ECF538E009E9BD6 /* PBXTargetDependency */,
			);
			name = Both;
			productName = "com.shaneliesegang.Metal-Life.Both";
		};
/* End PBXAggregateTarget section */

/* Begin PBXBuildFile section */
		341D1F4C1ECB39CD00D90465 /* Shaders.metal in Sources */ = {isa = PBXBuildFile; fileRef = 3420D2751EC755090094C4B1 /* Shaders.metal */; };
		341D1F4D1ECB39D200D90465 /* AppDelegate.swift in Sources */ = {isa = PBXBuildFile; fileRef = 3420D2661EC7536B0094C4B1 /* AppDelegate.swift */; };
		341D1F4E1ECB39D600D90465 /* LifeViewController.swift in Sources */ = {isa = PBXBuildFile; fileRef = 3420D2681EC7536B0094C4B1 /* LifeViewController.swift */; };
		341D1F4F1ECB39D900D90465 /* Life.swift in Sources */ = {isa = PBXBuildFile; fileRef = 349DA86A1ECA18F70048C4FD /* Life.swift */; };
		341D1F501ECB39E500D90465 /* Main.storyboard in Resources */ = {isa = PBXBuildFile; fileRef = 3420D26C1EC7536B0094C4B1 /* Main.storyboard */; };
		341D1F511ECB39E700D90465 /* Assets.xcassets in Resources */ = {isa = PBXBuildFile; fileRef = 3420D26A1EC7536B0094C4B1 /* Assets.xcassets */; };
		342B70DB1ECE98400074E764 /* LifeSaverView.swift in Sources */ = {isa = PBXBuildFile; fileRef = 342B70DA1ECE98400074E764 /* LifeSaverView.swift */; };
		342B70DD1ECE9BE30074E764 /* Life.swift in Sources */ = {isa = PBXBuildFile; fileRef = 349DA86A1ECA18F70048C4FD /* Life.swift */; };
		342B70DE1ECEA34A0074E764 /* Shaders.metal in Sources */ = {isa = PBXBuildFile; fileRef = 3420D2751EC755090094C4B1 /* Shaders.metal */; };
		342B70E01ECEB3AC0074E764 /* LifeSaverPreferences.xib in Resources */ = {isa = PBXBuildFile; fileRef = 342B70DF1ECEB3AC0074E764 /* LifeSaverPreferences.xib */; };
		342B70E21ECEB5790074E764 /* LifeSaverPreferencesController.swift in Sources */ = {isa = PBXBuildFile; fileRef = 342B70E11ECEB5790074E764 /* LifeSaverPreferencesController.swift */; };
		3476829B1ECEC70B009E9BD6 /* InitialPreferences.plist in Resources */ = {isa = PBXBuildFile; fileRef = 3476829A1ECEC70B009E9BD6 /* InitialPreferences.plist */; };
		3476829C1ECF4918009E9BD6 /* InitialPreferences.plist in Resources */ = {isa = PBXBuildFile; fileRef = 3476829A1ECEC70B009E9BD6 /* InitialPreferences.plist */; };
		347682A81ECF618A009E9BD6 /* thumbnail.png in Resources */ = {isa = PBXBuildFile; fileRef = 347682A61ECF618A009E9BD6 /* thumbnail.png */; };
		347682A91ECF618A009E9BD6 /* thumbnail@2x.png in Resources */ = {isa = PBXBuildFile; fileRef = 347682A71ECF618A009E9BD6 /* thumbnail@2x.png */; };
/* End PBXBuildFile section */

/* Begin PBXContainerItemProxy section */
		347682A21ECF538C009E9BD6 /* PBXContainerItemProxy */ = {
			isa = PBXContainerItemProxy;
			containerPortal = 3420D25B1EC7536B0094C4B1 /* Project object */;
			proxyType = 1;
			remoteGlobalIDString = 341D1F3C1ECB39AC00D90465;
			remoteInfo = "Metal-Life";
		};
		347682A41ECF538E009E9BD6 /* PBXContainerItemProxy */ = {
			isa = PBXContainerItemProxy;
			containerPortal = 3420D25B1EC7536B0094C4B1 /* Project object */;
			proxyType = 1;
			remoteGlobalIDString = 342B70CF1ECE98060074E764;
			remoteInfo = LifeSaver;
		};
/* End PBXContainerItemProxy section */

/* Begin PBXFileReference section */
		341D1F3D1ECB39AC00D90465 /* Metal-Life.app */ = {isa = PBXFileReference; explicitFileType = wrapper.application; includeInIndex = 0; path = "Metal-Life.app"; sourceTree = BUILT_PRODUCTS_DIR; };
		3420D2661EC7536B0094C4B1 /* AppDelegate.swift */ = {isa = PBXFileReference; lastKnownFileType = sourcecode.swift; path = AppDelegate.swift; sourceTree = "<group>"; };
		3420D2681EC7536B0094C4B1 /* LifeViewController.swift */ = {isa = PBXFileReference; lastKnownFileType = sourcecode.swift; path = LifeViewController.swift; sourceTree = "<group>"; };
		3420D26A1EC7536B0094C4B1 /* Assets.xcassets */ = {isa = PBXFileReference; lastKnownFileType = folder.assetcatalog; path = Assets.xcassets; sourceTree = "<group>"; };
		3420D26D1EC7536B0094C4B1 /* Base */ = {isa = PBXFileReference; lastKnownFileType = file.storyboard; name = Base; path = Base.lproj/Main.storyboard; sourceTree = "<group>"; };
		3420D26F1EC7536B0094C4B1 /* Info.plist */ = {isa = PBXFileReference; lastKnownFileType = text.plist.xml; path = Info.plist; sourceTree = "<group>"; };
		3420D2751EC755090094C4B1 /* Shaders.metal */ = {isa = PBXFileReference; fileEncoding = 4; lastKnownFileType = sourcecode.metal; path = Shaders.metal; sourceTree = "<group>"; };
		342B70D01ECE98060074E764 /* LifeSaver.saver */ = {isa = PBXFileReference; explicitFileType = wrapper.cfbundle; includeInIndex = 0; path = LifeSaver.saver; sourceTree = BUILT_PRODUCTS_DIR; };
		342B70D61ECE98060074E764 /* Info.plist */ = {isa = PBXFileReference; lastKnownFileType = text.plist.xml; name = Info.plist; path = ../LifeSaver/Info.plist; sourceTree = "<group>"; };
		342B70DA1ECE98400074E764 /* LifeSaverView.swift */ = {isa = PBXFileReference; fileEncoding = 4; lastKnownFileType = sourcecode.swift; path = LifeSaverView.swift; sourceTree = "<group>"; };
		342B70DF1ECEB3AC0074E764 /* LifeSaverPreferences.xib */ = {isa = PBXFileReference; fileEncoding = 4; lastKnownFileType = file.xib; path = LifeSaverPreferences.xib; sourceTree = "<group>"; };
		342B70E11ECEB5790074E764 /* LifeSaverPreferencesController.swift */ = {isa = PBXFileReference; fileEncoding = 4; lastKnownFileType = sourcecode.swift; path = LifeSaverPreferencesController.swift; sourceTree = "<group>"; };
		3476829A1ECEC70B009E9BD6 /* InitialPreferences.plist */ = {isa = PBXFileReference; fileEncoding = 4; lastKnownFileType = text.plist.xml; name = InitialPreferences.plist; path = Shared/InitialPreferences.plist; sourceTree = "<group>"; };
		347682A61ECF618A009E9BD6 /* thumbnail.png */ = {isa = PBXFileReference; lastKnownFileType = image.png; name = thumbnail.png; path = assets/thumbnail.png; sourceTree = SOURCE_ROOT; };
		347682A71ECF618A009E9BD6 /* thumbnail@2x.png */ = {isa = PBXFileReference; lastKnownFileType = image.png; name = "thumbnail@2x.png"; path = "assets/thumbnail@2x.png"; sourceTree = SOURCE_ROOT; };
		349DA86A1ECA18F70048C4FD /* Life.swift */ = {isa = PBXFileReference; fileEncoding = 4; lastKnownFileType = sourcecode.swift; path = Life.swift; sourceTree = "<group>"; };
/* End PBXFileReference section */

/* Begin PBXFrameworksBuildPhase section */
		341D1F3A1ECB39AC00D90465 /* Frameworks */ = {
			isa = PBXFrameworksBuildPhase;
			buildActionMask = 2147483647;
			files = (
			);
			runOnlyForDeploymentPostprocessing = 0;
		};
		342B70CC1ECE98060074E764 /* Frameworks */ = {
			isa = PBXFrameworksBuildPhase;
			buildActionMask = 2147483647;
			files = (
			);
			runOnlyForDeploymentPostprocessing = 0;
		};
/* End PBXFrameworksBuildPhase section */

/* Begin PBXGroup section */
		3420D25A1EC7536B0094C4B1 = {
			isa = PBXGroup;
			children = (
				3420D2651EC7536B0094C4B1 /* Metal-Life */,
				342B70D11ECE98060074E764 /* LifeSaver */,
				3476829D1ECF4966009E9BD6 /* Shared */,
				3420D2641EC7536B0094C4B1 /* Products */,
			);
			sourceTree = "<group>";
		};
		3420D2641EC7536B0094C4B1 /* Products */ = {
			isa = PBXGroup;
			children = (
				341D1F3D1ECB39AC00D90465 /* Metal-Life.app */,
				342B70D01ECE98060074E764 /* LifeSaver.saver */,
			);
			name = Products;
			sourceTree = "<group>";
		};
		3420D2651EC7536B0094C4B1 /* Metal-Life */ = {
			isa = PBXGroup;
			children = (
				349DA86A1ECA18F70048C4FD /* Life.swift */,
				3420D2751EC755090094C4B1 /* Shaders.metal */,
				3420D2681EC7536B0094C4B1 /* LifeViewController.swift */,
				3420D26C1EC7536B0094C4B1 /* Main.storyboard */,
				3420D2661EC7536B0094C4B1 /* AppDelegate.swift */,
				3420D26A1EC7536B0094C4B1 /* Assets.xcassets */,
				3420D26F1EC7536B0094C4B1 /* Info.plist */,
			);
			path = "Metal-Life";
			sourceTree = "<group>";
		};
		342B70D11ECE98060074E764 /* LifeSaver */ = {
			isa = PBXGroup;
			children = (
				342B70DA1ECE98400074E764 /* LifeSaverView.swift */,
				342B70E11ECEB5790074E764 /* LifeSaverPreferencesController.swift */,
				342B70DF1ECEB3AC0074E764 /* LifeSaverPreferences.xib */,
				342B70D61ECE98060074E764 /* Info.plist */,
				347682A61ECF618A009E9BD6 /* thumbnail.png */,
				347682A71ECF618A009E9BD6 /* thumbnail@2x.png */,
			);
			path = LifeSaver;
			sourceTree = "<group>";
		};
		3476829D1ECF4966009E9BD6 /* Shared */ = {
			isa = PBXGroup;
			children = (
				3476829A1ECEC70B009E9BD6 /* InitialPreferences.plist */,
			);
			name = Shared;
			sourceTree = "<group>";
		};
/* End PBXGroup section */

/* Begin PBXHeadersBuildPhase section */
		342B70CD1ECE98060074E764 /* Headers */ = {
			isa = PBXHeadersBuildPhase;
			buildActionMask = 2147483647;
			files = (
			);
			runOnlyForDeploymentPostprocessing = 0;
		};
/* End PBXHeadersBuildPhase section */

/* Begin PBXNativeTarget section */
		341D1F3C1ECB39AC00D90465 /* Metal-Life */ = {
			isa = PBXNativeTarget;
			buildConfigurationList = 341D1F4B1ECB39AD00D90465 /* Build configuration list for PBXNativeTarget "Metal-Life" */;
			buildPhases = (
				341D1F391ECB39AC00D90465 /* Sources */,
				341D1F3A1ECB39AC00D90465 /* Frameworks */,
				341D1F3B1ECB39AC00D90465 /* Resources */,
			);
			buildRules = (
			);
			dependencies = (
			);
			name = "Metal-Life";
			productName = "Metal-Life";
			productReference = 341D1F3D1ECB39AC00D90465 /* Metal-Life.app */;
			productType = "com.apple.product-type.application";
		};
		342B70CF1ECE98060074E764 /* LifeSaver */ = {
			isa = PBXNativeTarget;
			buildConfigurationList = 342B70D91ECE98060074E764 /* Build configuration list for PBXNativeTarget "LifeSaver" */;
			buildPhases = (
				342B70CB1ECE98060074E764 /* Sources */,
				342B70CC1ECE98060074E764 /* Frameworks */,
				342B70CD1ECE98060074E764 /* Headers */,
				342B70CE1ECE98060074E764 /* Resources */,
			);
			buildRules = (
			);
			dependencies = (
			);
			name = LifeSaver;
			productName = LifeSaver;
			productReference = 342B70D01ECE98060074E764 /* LifeSaver.saver */;
			productType = "com.apple.product-type.bundle";
		};
/* End PBXNativeTarget section */

/* Begin PBXProject section */
		3420D25B1EC7536B0094C4B1 /* Project object */ = {
			isa = PBXProject;
			attributes = {
				LastSwiftUpdateCheck = 0830;
				LastUpgradeCheck = 0830;
				TargetAttributes = {
					341D1F3C1ECB39AC00D90465 = {
						CreatedOnToolsVersion = 8.3.2;
						DevelopmentTeam = CFJYV723M9;
						ProvisioningStyle = Automatic;
					};
					342B70CF1ECE98060074E764 = {
						CreatedOnToolsVersion = 8.3.2;
						DevelopmentTeam = CFJYV723M9;
						LastSwiftMigration = 0830;
						ProvisioningStyle = Automatic;
					};
					3476829E1ECF537B009E9BD6 = {
						CreatedOnToolsVersion = 8.3.2;
						DevelopmentTeam = CFJYV723M9;
						ProvisioningStyle = Automatic;
					};
				};
			};
			buildConfigurationList = 3420D25E1EC7536B0094C4B1 /* Build configuration list for PBXProject "Metal-Life" */;
			compatibilityVersion = "Xcode 3.2";
			developmentRegion = English;
			hasScannedForEncodings = 0;
			knownRegions = (
				en,
				Base,
			);
			mainGroup = 3420D25A1EC7536B0094C4B1;
			productRefGroup = 3420D2641EC7536B0094C4B1 /* Products */;
			projectDirPath = "";
			projectRoot = "";
			targets = (
				3476829E1ECF537B009E9BD6 /* Both */,
				341D1F3C1ECB39AC00D90465 /* Metal-Life */,
				342B70CF1ECE98060074E764 /* LifeSaver */,
			);
		};
/* End PBXProject section */

/* Begin PBXResourcesBuildPhase section */
		341D1F3B1ECB39AC00D90465 /* Resources */ = {
			isa = PBXResourcesBuildPhase;
			buildActionMask = 2147483647;
			files = (
				341D1F501ECB39E500D90465 /* Main.storyboard in Resources */,
				341D1F511ECB39E700D90465 /* Assets.xcassets in Resources */,
				3476829C1ECF4918009E9BD6 /* InitialPreferences.plist in Resources */,
			);
			runOnlyForDeploymentPostprocessing = 0;
		};
		342B70CE1ECE98060074E764 /* Resources */ = {
			isa = PBXResourcesBuildPhase;
			buildActionMask = 2147483647;
			files = (
				3476829B1ECEC70B009E9BD6 /* InitialPreferences.plist in Resources */,
				347682A91ECF618A009E9BD6 /* thumbnail@2x.png in Resources */,
				342B70E01ECEB3AC0074E764 /* LifeSaverPreferences.xib in Resources */,
				347682A81ECF618A009E9BD6 /* thumbnail.png in Resources */,
			);
			runOnlyForDeploymentPostprocessing = 0;
		};
/* End PBXResourcesBuildPhase section */

/* Begin PBXSourcesBuildPhase section */
		341D1F391ECB39AC00D90465 /* Sources */ = {
			isa = PBXSourcesBuildPhase;
			buildActionMask = 2147483647;
			files = (
				341D1F4C1ECB39CD00D90465 /* Shaders.metal in Sources */,
				341D1F4D1ECB39D200D90465 /* AppDelegate.swift in Sources */,
				341D1F4E1ECB39D600D90465 /* LifeViewController.swift in Sources */,
				341D1F4F1ECB39D900D90465 /* Life.swift in Sources */,
			);
			runOnlyForDeploymentPostprocessing = 0;
		};
		342B70CB1ECE98060074E764 /* Sources */ = {
			isa = PBXSourcesBuildPhase;
			buildActionMask = 2147483647;
			files = (
				342B70DE1ECEA34A0074E764 /* Shaders.metal in Sources */,
				342B70E21ECEB5790074E764 /* LifeSaverPreferencesController.swift in Sources */,
				342B70DD1ECE9BE30074E764 /* Life.swift in Sources */,
				342B70DB1ECE98400074E764 /* LifeSaverView.swift in Sources */,
			);
			runOnlyForDeploymentPostprocessing = 0;
		};
/* End PBXSourcesBuildPhase section */

/* Begin PBXTargetDependency section */
		347682A31ECF538C009E9BD6 /* PBXTargetDependency */ = {
			isa = PBXTargetDependency;
			target = 341D1F3C1ECB39AC00D90465 /* Metal-Life */;
			targetProxy = 347682A21ECF538C009E9BD6 /* PBXContainerItemProxy */;
		};
		347682A51ECF538E009E9BD6 /* PBXTargetDependency */ = {
			isa = PBXTargetDependency;
			target = 342B70CF1ECE98060074E764 /* LifeSaver */;
			targetProxy = 347682A41ECF538E009E9BD6 /* PBXContainerItemProxy */;
		};
/* End PBXTargetDependency section */

/* Begin PBXVariantGroup section */
		3420D26C1EC7536B0094C4B1 /* Main.storyboard */ = {
			isa = PBXVariantGroup;
			children = (
				3420D26D1EC7536B0094C4B1 /* Base */,
			);
			name = Main.storyboard;
			sourceTree = "<group>";
		};
/* End PBXVariantGroup section */

/* Begin XCBuildConfiguration section */
		341D1F491ECB39AD00D90465 /* Debug */ = {
			isa = XCBuildConfiguration;
			buildSettings = {
				ASSETCATALOG_COMPILER_APPICON_NAME = AppIcon;
				COMBINE_HIDPI_IMAGES = YES;
				DEVELOPMENT_TEAM = CFJYV723M9;
				INFOPLIST_FILE = "Metal-Life/Info.plist";
				INSTALL_PATH = /;
				LD_RUNPATH_SEARCH_PATHS = "$(inherited) @executable_path/../Frameworks";
				PRODUCT_BUNDLE_IDENTIFIER = "com.shaneliesegang.Metal-Life";
				PRODUCT_NAME = "$(TARGET_NAME)";
				SWIFT_VERSION = 3.0;
			};
			name = Debug;
		};
		341D1F4A1ECB39AD00D90465 /* Release */ = {
			isa = XCBuildConfiguration;
			buildSettings = {
				ASSETCATALOG_COMPILER_APPICON_NAME = AppIcon;
				COMBINE_HIDPI_IMAGES = YES;
				DEVELOPMENT_TEAM = CFJYV723M9;
				INFOPLIST_FILE = "Metal-Life/Info.plist";
				INSTALL_PATH = /;
				LD_RUNPATH_SEARCH_PATHS = "$(inherited) @executable_path/../Frameworks";
				PRODUCT_BUNDLE_IDENTIFIER = "com.shaneliesegang.Metal-Life";
				PRODUCT_NAME = "$(TARGET_NAME)";
				SWIFT_VERSION = 3.0;
			};
			name = Release;
		};
		3420D2701EC7536B0094C4B1 /* Debug */ = {
			isa = XCBuildConfiguration;
			buildSettings = {
				ALWAYS_SEARCH_USER_PATHS = NO;
				CLANG_ANALYZER_NONNULL = YES;
				CLANG_ANALYZER_NUMBER_OBJECT_CONVERSION = YES_AGGRESSIVE;
				CLANG_CXX_LANGUAGE_STANDARD = "gnu++0x";
				CLANG_CXX_LIBRARY = "libc++";
				CLANG_ENABLE_MODULES = YES;
				CLANG_ENABLE_OBJC_ARC = YES;
				CLANG_WARN_BOOL_CONVERSION = YES;
				CLANG_WARN_CONSTANT_CONVERSION = YES;
				CLANG_WARN_DIRECT_OBJC_ISA_USAGE = YES_ERROR;
				CLANG_WARN_DOCUMENTATION_COMMENTS = YES;
				CLANG_WARN_EMPTY_BODY = YES;
				CLANG_WARN_ENUM_CONVERSION = YES;
				CLANG_WARN_INFINITE_RECURSION = YES;
				CLANG_WARN_INT_CONVERSION = YES;
				CLANG_WARN_OBJC_ROOT_CLASS = YES_ERROR;
				CLANG_WARN_SUSPICIOUS_MOVE = YES;
				CLANG_WARN_UNREACHABLE_CODE = YES;
				CLANG_WARN__DUPLICATE_METHOD_MATCH = YES;
				CODE_SIGN_IDENTITY = "-";
				COPY_PHASE_STRIP = NO;
				DEBUG_INFORMATION_FORMAT = dwarf;
				ENABLE_STRICT_OBJC_MSGSEND = YES;
				ENABLE_TESTABILITY = YES;
				GCC_C_LANGUAGE_STANDARD = gnu99;
				GCC_DYNAMIC_NO_PIC = NO;
				GCC_NO_COMMON_BLOCKS = YES;
				GCC_OPTIMIZATION_LEVEL = 0;
				GCC_PREPROCESSOR_DEFINITIONS = (
					"DEBUG=1",
					"$(inherited)",
				);
				GCC_WARN_64_TO_32_BIT_CONVERSION = YES;
				GCC_WARN_ABOUT_RETURN_TYPE = YES_ERROR;
				GCC_WARN_UNDECLARED_SELECTOR = YES;
				GCC_WARN_UNINITIALIZED_AUTOS = YES_AGGRESSIVE;
				GCC_WARN_UNUSED_FUNCTION = YES;
				GCC_WARN_UNUSED_VARIABLE = YES;
				MACOSX_DEPLOYMENT_TARGET = 10.12;
				MTL_ENABLE_DEBUG_INFO = YES;
				ONLY_ACTIVE_ARCH = YES;
				SDKROOT = macosx;
				SWIFT_ACTIVE_COMPILATION_CONDITIONS = DEBUG;
				SWIFT_OPTIMIZATION_LEVEL = "-Onone";
			};
			name = Debug;
		};
		3420D2711EC7536B0094C4B1 /* Release */ = {
			isa = XCBuildConfiguration;
			buildSettings = {
				ALWAYS_SEARCH_USER_PATHS = NO;
				CLANG_ANALYZER_NONNULL = YES;
				CLANG_ANALYZER_NUMBER_OBJECT_CONVERSION = YES_AGGRESSIVE;
				CLANG_CXX_LANGUAGE_STANDARD = "gnu++0x";
				CLANG_CXX_LIBRARY = "libc++";
				CLANG_ENABLE_MODULES = YES;
				CLANG_ENABLE_OBJC_ARC = YES;
				CLANG_WARN_BOOL_CONVERSION = YES;
				CLANG_WARN_CONSTANT_CONVERSION = YES;
				CLANG_WARN_DIRECT_OBJC_ISA_USAGE = YES_ERROR;
				CLANG_WARN_DOCUMENTATION_COMMENTS = YES;
				CLANG_WARN_EMPTY_BODY = YES;
				CLANG_WARN_ENUM_CONVERSION = YES;
				CLANG_WARN_INFINITE_RECURSION = YES;
				CLANG_WARN_INT_CONVERSION = YES;
				CLANG_WARN_OBJC_ROOT_CLASS = YES_ERROR;
				CLANG_WARN_SUSPICIOUS_MOVE = YES;
				CLANG_WARN_UNREACHABLE_CODE = YES;
				CLANG_WARN__DUPLICATE_METHOD_MATCH = YES;
				CODE_SIGN_IDENTITY = "-";
				COPY_PHASE_STRIP = NO;
				DEBUG_INFORMATION_FORMAT = "dwarf-with-dsym";
				ENABLE_NS_ASSERTIONS = NO;
				ENABLE_STRICT_OBJC_MSGSEND = YES;
				GCC_C_LANGUAGE_STANDARD = gnu99;
				GCC_NO_COMMON_BLOCKS = YES;
				GCC_WARN_64_TO_32_BIT_CONVERSION = YES;
				GCC_WARN_ABOUT_RETURN_TYPE = YES_ERROR;
				GCC_WARN_UNDECLARED_SELECTOR = YES;
				GCC_WARN_UNINITIALIZED_AUTOS = YES_AGGRESSIVE;
				GCC_WARN_UNUSED_FUNCTION = YES;
				GCC_WARN_UNUSED_VARIABLE = YES;
				MACOSX_DEPLOYMENT_TARGET = 10.12;
				MTL_ENABLE_DEBUG_INFO = NO;
				SDKROOT = macosx;
				SWIFT_OPTIMIZATION_LEVEL = "-Owholemodule";
			};
			name = Release;
		};
		342B70D71ECE98060074E764 /* Debug */ = {
			isa = XCBuildConfiguration;
			buildSettings = {
				ALWAYS_EMBED_SWIFT_STANDARD_LIBRARIES = YES;
				CLANG_ENABLE_MODULES = YES;
				COMBINE_HIDPI_IMAGES = YES;
				DEVELOPMENT_TEAM = CFJYV723M9;
				INFOPLIST_FILE = LifeSaver/Info.plist;
				INSTALL_PATH = /;
				LD_RUNPATH_SEARCH_PATHS = "$(inherited) @executable_path/../Frameworks @loader_path/../Frameworks";
				PRODUCT_BUNDLE_IDENTIFIER = com.shaneliesegang.LifeSaver;
				PRODUCT_NAME = "$(TARGET_NAME)";
				SKIP_INSTALL = NO;
				SWIFT_OPTIMIZATION_LEVEL = "-Onone";
				SWIFT_VERSION = 3.0;
				WRAPPER_EXTENSION = saver;
			};
			name = Debug;
		};
		342B70D81ECE98060074E764 /* Release */ = {
			isa = XCBuildConfiguration;
			buildSettings = {
				ALWAYS_EMBED_SWIFT_STANDARD_LIBRARIES = YES;
				CLANG_ENABLE_MODULES = YES;
				COMBINE_HIDPI_IMAGES = YES;
				DEVELOPMENT_TEAM = CFJYV723M9;
				INFOPLIST_FILE = LifeSaver/Info.plist;
				INSTALL_PATH = /;
				LD_RUNPATH_SEARCH_PATHS = "$(inherited) @executable_path/../Frameworks @loader_path/../Frameworks";
				PRODUCT_BUNDLE_IDENTIFIER = com.shaneliesegang.LifeSaver;
				PRODUCT_NAME = "$(TARGET_NAME)";
				SKIP_INSTALL = NO;
				SWIFT_VERSION = 3.0;
				WRAPPER_EXTENSION = saver;
			};
			name = Release;
		};
		347682A01ECF537B009E9BD6 /* Debug */ = {
			isa = XCBuildConfiguration;
			buildSettings = {
				DEVELOPMENT_TEAM = CFJYV723M9;
				PRODUCT_NAME = "$(TARGET_NAME)";
			};
			name = Debug;
		};
		347682A11ECF537B009E9BD6 /* Release */ = {
			isa = XCBuildConfiguration;
			buildSettings = {
				DEVELOPMENT_TEAM = CFJYV723M9;
				PRODUCT_NAME = "$(TARGET_NAME)";
			};
			name = Release;
		};
/* End XCBuildConfiguration section */

/* Begin XCConfigurationList section */
		341D1F4B1ECB39AD00D90465 /* Build configuration list for PBXNativeTarget "Metal-Life" */ = {
			isa = XCConfigurationList;
			buildConfigurations = (
				341D1F491ECB39AD00D90465 /* Debug */,
				341D1F4A1ECB39AD00D90465 /* Release */,
			);
			defaultConfigurationIsVisible = 0;
			defaultConfigurationName = Release;
		};
		3420D25E1EC7536B0094C4B1 /* Build configuration list for PBXProject "Metal-Life" */ = {
			isa = XCConfigurationList;
			buildConfigurations = (
				3420D2701EC7536B0094C4B1 /* Debug */,
				3420D2711EC7536B0094C4B1 /* Release */,
			);
			defaultConfigurationIsVisible = 0;
			defaultConfigurationName = Release;
		};
		342B70D91ECE98060074E764 /* Build configuration list for PBXNativeTarget "LifeSaver" */ = {
			isa = XCConfigurationList;
			buildConfigurations = (
				342B70D71ECE98060074E764 /* Debug */,
				342B70D81ECE98060074E764 /* Release */,
			);
			defaultConfigurationIsVisible = 0;
			defaultConfigurationName = Release;
		};
		3476829F1ECF537B009E9BD6 /* Build configuration list for PBXAggregateTarget "Both" */ = {
			isa = XCConfigurationList;
			buildConfigurations = (
				347682A01ECF537B009E9BD6 /* Debug */,
				347682A11ECF537B009E9BD6 /* Release */,
			);
			defaultConfigurationIsVisible = 0;
		};
/* End XCConfigurationList section */
	};
	rootObject = 3420D25B1EC7536B0094C4B1 /* Project object */;
}
